
Microsoft Visual Studio Solution File, Format Version 12.00
# Visual Studio Version 17
VisualStudioVersion = 17.1.31911.260
MinimumVisualStudioVersion = 10.0.40219.1
Project("{FAE04EC0-301F-11D3-BF4B-00C04F79EFBC}") = "EFCoreTriggeredIssue128", "EFCoreTriggeredIssue128\EFCoreTriggeredIssue128.csproj", "{F38F2038-0441-4461-9F98-47606DC5ECB5}"
EndProject
Global
	GlobalSection(SolutionConfigurationPlatforms) = preSolution
		Debug|Any CPU = Debug|Any CPU
		Release|Any CPU = Release|Any CPU
	EndGlobalSection
	GlobalSection(ProjectConfigurationPlatforms) = postSolution
		{F38F2038-0441-4461-9F98-47606DC5ECB5}.Debug|Any CPU.ActiveCfg = Debug|Any CPU
		{F38F2038-0441-4461-9F98-47606DC5ECB5}.Debug|Any CPU.Build.0 = Debug|Any CPU
		{F38F2038-0441-4461-9F98-47606DC5ECB5}.Release|Any CPU.ActiveCfg = Release|Any CPU
		{F38F2038-0441-4461-9F98-47606DC5ECB5}.Release|Any CPU.Build.0 = Release|Any CPU
	EndGlobalSection
	GlobalSection(SolutionProperties) = preSolution
		HideSolutionNode = FALSE
	EndGlobalSection
	GlobalSection(ExtensibilityGlobals) = postSolution
		SolutionGuid = {3A6EEFCE-75CA-445E-B57D-1C6FD676BF82}
	EndGlobalSection
EndGlobal
